schema: '2.0'
stages:
  data_ingestion:
    cmd: python -m src.data.data_ingestion
    deps:
    - path: src/data/data_ingestion.py
      hash: md5
      md5: 26072a70c5e278f5e6fe1f1f45b1e33a
      size: 1789
    params:
      params.yaml:
        data_ingestion.filename: GooG.csv
    outs:
    - path: data/raw/data.csv
      hash: md5
      md5: 062ff41161122e620af82b9530f4cd54
      size: 338743
  feature_creation:
    cmd: python -m src.features.feature_creation
    deps:
    - path: data/raw/data.csv
      hash: md5
      md5: 062ff41161122e620af82b9530f4cd54
      size: 338743
    - path: src/features/feature_creation.py
      hash: md5
      md5: 61e20f32ea29a696ace506f40a566df4
      size: 4271
    params:
      params.yaml:
        feature_creation.last_n_features: 20
        feature_creation.train_size: 0.8
    outs:
    - path: data/interim
      hash: md5
      md5: 39413e327c297ed76809687062212b35.dir
      size: 989275
      nfiles: 2
  feature_transformation:
    cmd: python -m src.features.feature_transformation
    deps:
    - path: data/interim
      hash: md5
      md5: 39413e327c297ed76809687062212b35.dir
      size: 989275
      nfiles: 2
    - path: src/features/feature_transformation.py
      hash: md5
      md5: 6cd231c9469654d9e44e8c1c75c7d386
      size: 5239
    outs:
    - path: data/processed
      hash: md5
      md5: b4bf0b9792bfe80808671dbd3dbdecb9.dir
      size: 1970641
      nfiles: 2
    - path: models/X_transformer.pkl
      hash: md5
      md5: fd0bb556d7adb2e4855aa22bfba7af66
      size: 719
    - path: models/y_transformer.pkl
      hash: md5
      md5: 6c2a37ff73c44e09498528a77c0c5e91
      size: 719
  training_stage:
    cmd: python -m src.model.train_model
    deps:
    - path: data/processed
      hash: md5
      md5: b4bf0b9792bfe80808671dbd3dbdecb9.dir
      size: 1970641
      nfiles: 2
    - path: src/model/train_model.py
      hash: md5
      md5: 0865e056f6a49507fc2f37a2770f4bbe
      size: 3901
    outs:
    - path: models/model.pth
      hash: md5
      md5: 557af0480632d64d80d55aebb448a5a8
      size: 313317
